{"format_version":"1.0","provider_schemas":{"shoreline":{"provider":{"version":0,"block":{"attributes":{"min_version":{"type":"string","description":"Minimum version required on the \"Shoreline\" backend (API server).","description_kind":"markdown","optional":true},"retries":{"type":"number","description":"Number of retries for API calls, in case of e.g. transient network failures.","description_kind":"markdown","optional":true},"token":{"type":"string","description":"Customer/user-specific authorization token for the \"Shoreline\" API server. May be provided via `SHORELINE_TOKEN` env variable.","description_kind":"markdown","optional":true,"sensitive":true},"url":{"type":"string","description":"Customer-specific URL for the \"Shoreline\" API server.","description_kind":"markdown","optional":true}},"description_kind":"plain"}},"resource_schemas":{"shoreline_action":{"version":0,"block":{"attributes":{"allowed_entities":{"type":["list","string"],"description":"Allowed entities","description_kind":"markdown","optional":true,"computed":true},"allowed_resources_query":{"type":"string","description":"Query for allowed resources","description_kind":"markdown","optional":true,"computed":true},"command":{"type":"string","description":"The command to execute for this action","description_kind":"markdown","required":true},"communication_channel":{"type":"string","description":"Communication channel","description_kind":"markdown","optional":true,"computed":true},"communication_workspace":{"type":"string","description":"Communication workspace","description_kind":"markdown","optional":true,"computed":true},"complete_long_template":{"type":"string","description":"**Deprecated** Long template for completion notifications (deprecated - server controlled)","description_kind":"markdown","deprecated":true,"optional":true},"complete_short_template":{"type":"string","description":"Short template for completion notifications","description_kind":"markdown","optional":true,"computed":true},"complete_title_template":{"type":"string","description":"Title template for completion notifications","description_kind":"markdown","optional":true,"computed":true},"description":{"type":"string","description":"Description of the action","description_kind":"markdown","optional":true,"computed":true},"editors":{"type":["list","string"],"description":"Editors of the action","description_kind":"markdown","optional":true,"computed":true},"enabled":{"type":"bool","description":"Whether the action is enabled","description_kind":"markdown","optional":true,"computed":true},"error_long_template":{"type":"string","description":"**Deprecated** Long template for error notifications (deprecated - server controlled)","description_kind":"markdown","deprecated":true,"optional":true},"error_short_template":{"type":"string","description":"Short template for error notifications","description_kind":"markdown","optional":true,"computed":true},"error_title_template":{"type":"string","description":"Title template for error notifications","description_kind":"markdown","optional":true,"computed":true},"file_deps":{"type":["list","string"],"description":"File dependencies","description_kind":"markdown","optional":true,"computed":true},"name":{"type":"string","description":"The name of the action","description_kind":"markdown","required":true},"params":{"type":["list","string"],"description":"Action parameters","description_kind":"markdown","optional":true,"computed":true},"res_env_var":{"type":"string","description":"Resource environment variable","description_kind":"markdown","optional":true,"computed":true},"resource_query":{"type":"string","description":"Query to identify resources","description_kind":"markdown","optional":true,"computed":true},"resource_tags_to_export":{"type":["list","string"],"description":"Resource tags to export","description_kind":"markdown","optional":true,"computed":true},"shell":{"type":"string","description":"Shell to use for command execution","description_kind":"markdown","optional":true,"computed":true},"start_long_template":{"type":"string","description":"**Deprecated** Long template for start notifications (deprecated - server controlled)","description_kind":"markdown","deprecated":true,"optional":true},"start_short_template":{"type":"string","description":"Short template for start notifications","description_kind":"markdown","optional":true,"computed":true},"start_title_template":{"type":"string","description":"Title template for start notifications","description_kind":"markdown","optional":true,"computed":true},"timeout":{"type":"number","description":"Timeout for action execution","description_kind":"markdown","optional":true,"computed":true}},"description":"Action resource for executing commands","description_kind":"markdown"}},"shoreline_alarm":{"version":0,"block":{"attributes":{"check_interval_sec":{"type":"number","description":"Interval (in seconds) between Alarm evaluations.","description_kind":"markdown","optional":true,"computed":true},"clear_query":{"type":"string","description":"The Alarm's resolution condition.","description_kind":"markdown","optional":true,"computed":true},"condition_type":{"type":"string","description":"**Deprecated** Kind of check in an Alarm (e.g. above or below) vs a threshold for a Metric.","description_kind":"markdown","deprecated":true,"optional":true},"condition_value":{"type":"string","description":"**Deprecated** Switching value (threshold) for a Metric in an Alarm.","description_kind":"markdown","deprecated":true,"optional":true},"description":{"type":"string","description":"A user-friendly explanation of an object.","description_kind":"markdown","optional":true,"computed":true},"enabled":{"type":"bool","description":"If the object is currently enabled or disabled.","description_kind":"markdown","optional":true,"computed":true},"family":{"type":"string","description":"General class for an Action or Bot (e.g., custom, standard, metric, or system check).","description_kind":"markdown","optional":true,"computed":true},"fire_long_template":{"type":"string","description":"**Deprecated** The long description of the Alarm's triggering condition.","description_kind":"markdown","deprecated":true,"optional":true},"fire_query":{"type":"string","description":"The trigger condition for an Alarm (general expression) or the TimeTrigger (e.g. 'every 5m').","description_kind":"markdown","required":true},"fire_short_template":{"type":"string","description":"The short description of the Alarm's triggering condition.","description_kind":"markdown","optional":true,"computed":true},"fire_title_template":{"type":"string","description":"UI title of the Alarm's triggering condition.","description_kind":"markdown","optional":true,"computed":true},"metric_name":{"type":"string","description":"**Deprecated** The Alarm's triggering Metric.","description_kind":"markdown","deprecated":true,"optional":true},"mute_query":{"type":"string","description":"**Deprecated** The Alarm's mute condition.","description_kind":"markdown","deprecated":true,"optional":true},"name":{"type":"string","description":"The name/symbol for the object within backend and the op language (must be unique, only alphanumeric/underscore).","description_kind":"markdown","required":true},"raise_for":{"type":"string","description":"**Deprecated** Where an Alarm is raised (e.g., local to a resource, or global to the system).","description_kind":"markdown","deprecated":true,"optional":true},"resolve_long_template":{"type":"string","description":"**Deprecated** The long description of the Alarm's resolution.","description_kind":"markdown","deprecated":true,"optional":true},"resolve_short_template":{"type":"string","description":"The short description of the Alarm's resolution.","description_kind":"markdown","optional":true,"computed":true},"resolve_title_template":{"type":"string","description":"UI title of the Alarm's' resolution.","description_kind":"markdown","optional":true,"computed":true},"resource_query":{"type":"string","description":"A set of Resources (e.g. host, pod, container), optionally filtered on tags or dynamic conditions.","description_kind":"markdown","optional":true,"computed":true},"resource_type":{"type":"string","description":"The type of object (i.e., Alarm, Action, Bot, Resource, or File).","description_kind":"markdown","optional":true,"computed":true}},"description":"A condition that triggers Alerts or Actions.","description_kind":"markdown"}},"shoreline_bot":{"version":0,"block":{"attributes":{"alarm_resource_query":{"type":"string","description":"Resource query for alarm context.","description_kind":"markdown","optional":true,"computed":true},"command":{"type":"string","description":"The bot command in the format 'if \u003calarm\u003e then \u003caction\u003e fi'.","description_kind":"markdown","required":true},"communication_channel":{"type":"string","description":"Communication channel for notifications.","description_kind":"markdown","optional":true,"computed":true},"communication_workspace":{"type":"string","description":"Communication workspace for notifications.","description_kind":"markdown","optional":true,"computed":true},"description":{"type":"string","description":"Description of the bot.","description_kind":"markdown","optional":true,"computed":true},"enabled":{"type":"bool","description":"Whether the bot is enabled.","description_kind":"markdown","optional":true,"computed":true},"event_type":{"type":"string","description":"**Deprecated** Use `trigger_source` instead.","description_kind":"markdown","deprecated":true,"optional":true,"computed":true},"family":{"type":"string","description":"The family/category for the bot.","description_kind":"markdown","optional":true,"computed":true},"integration_name":{"type":"string","description":"Integration name for external systems.","description_kind":"markdown","optional":true,"computed":true},"monitor_id":{"type":"string","description":"**Deprecated** Use `trigger_id` instead.","description_kind":"markdown","deprecated":true,"optional":true,"computed":true},"name":{"type":"string","description":"The name/symbol for the object within backend and the op language (must be unique, only alphanumeric/underscore).","description_kind":"markdown","required":true},"trigger_id":{"type":"string","description":"The ID of the trigger. It's required when linking an **external** trigger to an execution entity. If it's not set, then the id of the internal trigger entity will be saved in the state file.","description_kind":"markdown","optional":true,"computed":true},"trigger_source":{"type":"string","description":"The source of the trigger. It's required when linking an **external** trigger to an execution entity (for example: `ALERTMANAGER`). If it's not set, then the source of the internal trigger entity will be saved in the state file.","description_kind":"markdown","optional":true,"computed":true}},"description":"An automation that ties an Action to an Alert.","description_kind":"markdown"}},"shoreline_dashboard":{"version":0,"block":{"attributes":{"dashboard_type":{"type":"string","description":"The type of the dashboard","description_kind":"markdown","required":true},"groups":{"type":"string","description":"The JSON encoded groups of the dashboard","description_kind":"markdown","optional":true,"computed":true},"groups_full":{"type":"string","description":"Complete groups configuration returned by the API, including server-added fields. Shows diffs when external drift is detected and when configuration changes.","description_kind":"markdown","computed":true},"identifiers":{"type":["list","string"],"description":"Identifiers for the dashboard","description_kind":"markdown","optional":true,"computed":true},"name":{"type":"string","description":"The name of the dashboard","description_kind":"markdown","required":true},"other_tags":{"type":["list","string"],"description":"Additional tags for the dashboard","description_kind":"markdown","optional":true,"computed":true},"resource_query":{"type":"string","description":"The resource query for the dashboard","description_kind":"markdown","optional":true,"computed":true},"values":{"type":"string","description":"The JSON encoded values of the dashboard","description_kind":"markdown","optional":true,"computed":true},"values_full":{"type":"string","description":"Complete values configuration returned by the API, including server-added fields. Shows diffs when external drift is detected and when configuration changes.","description_kind":"markdown","computed":true}},"description":"Dashboard resource for creating dashboards with groups and values","description_kind":"markdown"}},"shoreline_file":{"version":0,"block":{"attributes":{"checksum":{"type":"string","description":"Cryptographic hash (e.g. md5) of a File Resource. This is used to verify the integrity of the file when it is uploaded.","description_kind":"markdown","computed":true},"description":{"type":"string","description":"A user-friendly explanation of an object.","description_kind":"markdown","optional":true,"computed":true},"destination_path":{"type":"string","description":"Target location for a copied distributed File object.","description_kind":"markdown","required":true},"enabled":{"type":"bool","description":"If the object is currently enabled or disabled.","description_kind":"markdown","optional":true,"computed":true},"file_data":{"type":"string","description":"The destination URL where the file was uploaded to.","description_kind":"markdown","computed":true},"file_length":{"type":"number","description":"Length, in bytes, of a distributed File object.","description_kind":"markdown","computed":true},"inline_data":{"type":"string","description":"The inline file data of a distributed File object. (conflicts with input_file)","description_kind":"markdown","optional":true,"computed":true},"input_file":{"type":"string","description":"The local source of a distributed File object. (conflicts with inline_data)","description_kind":"markdown","optional":true,"computed":true},"md5":{"type":"string","description":"The md5 checksum of a file, e.g. filemd5(\"${path.module}/data/example-file.txt\"). It's used to trigger the file upload when the file changes.","description_kind":"markdown","optional":true,"computed":true},"mode":{"type":"string","description":"The File's permissions, like 'chmod', in octal (e.g. '0644').","description_kind":"markdown","optional":true,"computed":true},"name":{"type":"string","description":"The name/symbol for the object within the platform and the op language (must be unique, only alphanumeric/underscore).","description_kind":"markdown","required":true},"owner":{"type":"string","description":"The File's ownership, like 'chown' (e.g. 'user:group').","description_kind":"markdown","optional":true,"computed":true},"resource_query":{"type":"string","description":"A set of Resources (e.g. host, pod, container), optionally filtered on tags or dynamic conditions.","description_kind":"markdown","required":true}},"description":"A datafile that is automatically copied/distributed to defined Resources.","description_kind":"markdown"}},"shoreline_integration":{"version":0,"block":{"attributes":{"address":{"type":"string","description":"The address of the integration","description_kind":"markdown","optional":true,"computed":true},"api_certificate":{"type":"string","description":"The API certificate of the integration","description_kind":"markdown","optional":true,"computed":true},"api_key":{"type":"string","description":"The API key of the integration","description_kind":"markdown","optional":true,"computed":true},"api_rate_limit":{"type":"number","description":"The API rate limit of the integration","description_kind":"markdown","optional":true,"computed":true},"api_url":{"type":"string","description":"The API URL of the integration","description_kind":"markdown","optional":true,"computed":true},"app_key":{"type":"string","description":"The app key of the integration","description_kind":"markdown","optional":true,"computed":true},"cache_ttl":{"type":"number","description":"**Deprecated** Use `cache_ttl_ms` instead.","description_kind":"markdown","deprecated":true,"optional":true,"computed":true},"cache_ttl_ms":{"type":"number","description":"The cache TTL of the integration in milliseconds","description_kind":"markdown","optional":true,"computed":true},"client_id":{"type":"string","description":"The client ID of the integration","description_kind":"markdown","optional":true,"computed":true},"client_secret":{"type":"string","description":"The client secret of the integration","description_kind":"markdown","optional":true,"computed":true},"credentials":{"type":"string","description":"The credentials of the integration","description_kind":"markdown","optional":true,"computed":true},"enabled":{"type":"bool","description":"Whether the integration is enabled","description_kind":"markdown","optional":true,"computed":true},"external_url":{"type":"string","description":"The external URL of the integration","description_kind":"markdown","optional":true,"computed":true},"idp_name":{"type":"string","description":"The IDP name of the integration","description_kind":"markdown","optional":true,"computed":true},"jwt_auth_path":{"type":"string","description":"The JWT auth path of the integration","description_kind":"markdown","optional":true,"computed":true},"name":{"type":"string","description":"The name of the integration","description_kind":"markdown","required":true},"namespace":{"type":"string","description":"The namespace of the integration","description_kind":"markdown","optional":true,"computed":true},"payload_paths":{"type":["list","string"],"description":"The payload paths of the integration","description_kind":"markdown","optional":true,"computed":true},"permissions_user":{"type":"string","description":"The permissions user of the integration","description_kind":"markdown","optional":true,"computed":true},"role_name":{"type":"string","description":"The role name of the integration","description_kind":"markdown","optional":true,"computed":true},"serial_number":{"type":"string","description":"The serial number of the integration","description_kind":"markdown","required":true},"service_name":{"type":"string","description":"The integration type","description_kind":"markdown","required":true},"site_url":{"type":"string","description":"The site URL of the integration","description_kind":"markdown","optional":true,"computed":true},"subject":{"type":"string","description":"The subject of the integration","description_kind":"markdown","optional":true,"computed":true},"tenant_id":{"type":"string","description":"The tenant ID of the integration","description_kind":"markdown","optional":true,"computed":true},"webhook_name":{"type":"string","description":"The webhook name of the integration","description_kind":"markdown","optional":true,"computed":true}},"description":"Integration resource for configuring integrations with external services","description_kind":"markdown"}},"shoreline_notebook":{"version":0,"block":{"attributes":{"allowed_entities":{"type":["list","string"],"description":"The list of users who can run a runbook. Any user can run if left empty.","description_kind":"markdown","optional":true,"computed":true},"allowed_resources_query":{"type":"string","description":"The list of resources on which a runbook can run. No restriction, if left empty.","description_kind":"markdown","optional":true,"computed":true},"approvers":{"type":["list","string"],"description":"List of users who can approve runbook execution","description_kind":"markdown","optional":true,"computed":true},"category":{"type":"string","description":"Specifies the category for this runbook. To use categories, make sure your platform administrator has enabled the `ENABLE_RUNBOOK_CATEGORIES` setting. Once enabled, you can organize your runbooks by assigning them a category.","description_kind":"markdown","optional":true,"computed":true},"cells":{"type":"string","description":"The data cells inside a runbook. Defined as a list of JSON objects encoded in base64. These may be either Markdown or Op commands. Shows diffs only when configuration changes.","description_kind":"markdown","optional":true,"computed":true},"cells_full":{"type":"string","description":"Complete cells configuration returned by the API, including server-added fields. Shows diffs when external drift is detected and when configuration changes.","description_kind":"markdown","computed":true},"communication_approval_notifications":{"type":"bool","description":"Enables slack notifications for approval operations","description_kind":"markdown","optional":true,"computed":true},"communication_channel":{"type":"string","description":"A string value denoting the slack channel where notifications related to the runbook should be sent to","description_kind":"markdown","optional":true,"computed":true},"communication_cud_notifications":{"type":"bool","description":"Enables slack notifications for create/update/delete operations","description_kind":"markdown","optional":true,"computed":true},"communication_execution_notifications":{"type":"bool","description":"Enables slack notifications for runbook executions","description_kind":"markdown","optional":true,"computed":true},"communication_workspace":{"type":"string","description":"A string value denoting the slack workspace where notifications related to the runbook should be sent to","description_kind":"markdown","optional":true,"computed":true},"data":{"type":"string","description":"JSON-encoded string containing the runbook data. This can be loaded from a file using the `file()` function, e.g., `data = file(\"${path.module}/runbook.json\")`. Unlike other JSON fields (params, cells, external_params), this field only stores what the user sets and does not have a corresponding _full attribute.","description_kind":"markdown","optional":true,"computed":true},"description":{"type":"string","description":"Description of the runbook","description_kind":"markdown","optional":true,"computed":true},"editors":{"type":["list","string"],"description":"List of users who can edit the runbook (with configure permission). Empty maps to all users.","description_kind":"markdown","optional":true,"computed":true},"enabled":{"type":"bool","description":"Whether the runbook is enabled","description_kind":"markdown","optional":true,"computed":true},"external_params":{"type":"string","description":"Runbook parameters defined via JSON path used to extract the parameter's value from an external payload, encoded as base64 JSON","description_kind":"markdown","optional":true,"computed":true},"external_params_full":{"type":"string","description":"Complete external parameter configuration returned by the API, including server-added fields. Shows diffs when external drift is detected and when configuration changes.","description_kind":"markdown","computed":true},"filter_resource_to_action":{"type":"bool","description":"Determines whether parameters containing resources are exported to actions","description_kind":"markdown","optional":true,"computed":true},"is_run_output_persisted":{"type":"bool","description":"A boolean value denoting whether or not cell outputs should be persisted when running a runbook","description_kind":"markdown","optional":true,"computed":true},"labels":{"type":["list","string"],"description":"A list of strings by which runbooks can be grouped","description_kind":"markdown","optional":true,"computed":true},"name":{"type":"string","description":"The name of the runbook","description_kind":"markdown","optional":true,"computed":true},"params":{"type":"string","description":"Named variables to pass to a runbook, encoded as JSON. Shows diffs only when configuration changes.","description_kind":"markdown","optional":true,"computed":true},"params_full":{"type":"string","description":"Complete parameter configuration returned by the API, including server-added fields. Shows diffs when external drift is detected and when configuration changes.","description_kind":"markdown","computed":true},"params_groups":{"nested_type":{"attributes":{"exported":{"type":["list","string"],"description":"List of exported parameter names.","description_kind":"markdown","optional":true,"computed":true},"external":{"type":["list","string"],"description":"List of external parameter names.","description_kind":"markdown","optional":true,"computed":true},"optional":{"type":["list","string"],"description":"List of optional parameter names.","description_kind":"markdown","optional":true,"computed":true},"required":{"type":["list","string"],"description":"List of required parameter names.","description_kind":"markdown","optional":true,"computed":true}},"nesting_mode":"single"},"description":"Categorized parameter lists. Defaults to null if not specified.","description_kind":"markdown","optional":true,"computed":true},"secret_names":{"type":["list","string"],"description":"A list of strings that contains the name of the secrets that are used in the runbook.","description_kind":"markdown","optional":true,"computed":true},"timeout_ms":{"type":"number","description":"Maximum time to wait for runbook execution, in milliseconds","description_kind":"markdown","optional":true,"computed":true}},"description":"Runbook resource for interactive notebooks of Op commands and user documentation","description_kind":"markdown"}},"shoreline_nvault_secret":{"version":0,"block":{"attributes":{"integration_name":{"type":"string","description":"The name/symbol of a platform integration.","description_kind":"markdown","required":true},"name":{"type":"string","description":"The name/symbol for the object within backend and the op language (must be unique, only alphanumeric/underscore).","description_kind":"markdown","required":true},"vault_secret_key":{"type":"string","description":"The specific key within the secret data to retrieve.","description_kind":"markdown","required":true},"vault_secret_path":{"type":"string","description":"The full path in Vault where the secret is stored. It includes the mount path and the subpath. It tells Vault where to look for the secret.","description_kind":"markdown","required":true}},"description":"NVault secret. A secret managed by NVault. Creating it requires an active NVault integration to be configured and enabled.","description_kind":"markdown"}},"shoreline_principal":{"version":0,"block":{"attributes":{"action_limit":{"type":"number","description":"The number of simultaneous actions allowed for a permissions group.","description_kind":"markdown","optional":true,"computed":true},"administer_permission":{"type":"bool","description":"If a permissions group is allowed to perform \"administer\" actions.","description_kind":"markdown","optional":true,"computed":true},"configure_permission":{"type":"bool","description":"If a permissions group is allowed to perform \"configure\" actions.","description_kind":"markdown","optional":true,"computed":true},"execute_limit":{"type":"number","description":"The number of simultaneous linux (shell) commands allowed for a permissions group.","description_kind":"markdown","optional":true,"computed":true},"identity":{"type":"string","description":"The email address or provider's (e.g. Okta) group-name for a permissions group.","description_kind":"markdown","required":true},"idp_name":{"type":"string","description":"The Identity Provider's name.","description_kind":"markdown","optional":true,"computed":true},"name":{"type":"string","description":"The name/symbol for the object within the platform and the op language (must be unique, only alphanumeric/underscore).","description_kind":"markdown","required":true},"view_limit":{"type":"number","description":"**Deprecated** The number of simultaneous metrics allowed for a permissions group.","description_kind":"markdown","deprecated":true,"optional":true}},"description":"Principal. An authorization group (e.g. Okta groups). Note: Admin privilege (in the platform) is required to create principal objects.","description_kind":"markdown"}},"shoreline_report_template":{"version":0,"block":{"attributes":{"blocks":{"type":"string","description":"The JSON encoded blocks of the report template","description_kind":"markdown","required":true},"blocks_full":{"type":"string","description":"Complete blocks configuration returned by the API, including server-added fields. Shows diffs when external drift is detected and when configuration changes.","description_kind":"markdown","computed":true},"links":{"type":"string","description":"The JSON encoded links of a report template with other report templates","description_kind":"markdown","optional":true,"computed":true},"links_full":{"type":"string","description":"Complete links configuration returned by the API, including server-added fields. Shows diffs when external drift is detected and when configuration changes.","description_kind":"markdown","computed":true},"name":{"type":"string","description":"The name of the report template","description_kind":"markdown","required":true}},"description":"Report template resource for creating report templates with blocks and links","description_kind":"markdown"}},"shoreline_resource":{"version":0,"block":{"attributes":{"description":{"type":"string","description":"A user-friendly explanation of the resource.","description_kind":"markdown","optional":true,"computed":true},"name":{"type":"string","description":"The name/symbol for the resource within the system (must be unique, only alphanumeric/underscore).","description_kind":"markdown","required":true},"params":{"type":["list","string"],"description":"Named variables to pass to the resource.","description_kind":"markdown","optional":true,"computed":true},"value":{"type":"string","description":"The Op statement that defines a Resource.","description_kind":"markdown","required":true}},"description":"A server or compute resource in the system (e.g. host, pod, container).","description_kind":"markdown"}},"shoreline_runbook":{"version":0,"block":{"attributes":{"allowed_entities":{"type":["list","string"],"description":"The list of users who can run a runbook. Any user can run if left empty.","description_kind":"markdown","optional":true,"computed":true},"allowed_resources_query":{"type":"string","description":"The list of resources on which a runbook can run. No restriction, if left empty.","description_kind":"markdown","optional":true,"computed":true},"approvers":{"type":["list","string"],"description":"List of users who can approve runbook execution","description_kind":"markdown","optional":true,"computed":true},"category":{"type":"string","description":"Specifies the category for this runbook. To use categories, make sure your platform administrator has enabled the `ENABLE_RUNBOOK_CATEGORIES` setting. Once enabled, you can organize your runbooks by assigning them a category.","description_kind":"markdown","optional":true,"computed":true},"cells":{"type":"string","description":"The data cells inside a runbook. Defined as a list of JSON objects encoded in base64. These may be either Markdown or Op commands. Shows diffs only when configuration changes.","description_kind":"markdown","optional":true,"computed":true},"cells_full":{"type":"string","description":"Complete cells configuration returned by the API, including server-added fields. Shows diffs when external drift is detected and when configuration changes.","description_kind":"markdown","computed":true},"communication_approval_notifications":{"type":"bool","description":"Enables slack notifications for approval operations","description_kind":"markdown","optional":true,"computed":true},"communication_channel":{"type":"string","description":"A string value denoting the slack channel where notifications related to the runbook should be sent to","description_kind":"markdown","optional":true,"computed":true},"communication_cud_notifications":{"type":"bool","description":"Enables slack notifications for create/update/delete operations","description_kind":"markdown","optional":true,"computed":true},"communication_execution_notifications":{"type":"bool","description":"Enables slack notifications for runbook executions","description_kind":"markdown","optional":true,"computed":true},"communication_workspace":{"type":"string","description":"A string value denoting the slack workspace where notifications related to the runbook should be sent to","description_kind":"markdown","optional":true,"computed":true},"data":{"type":"string","description":"JSON-encoded string containing the runbook data. This can be loaded from a file using the `file()` function, e.g., `data = file(\"${path.module}/runbook.json\")`. Unlike other JSON fields (params, cells, external_params), this field only stores what the user sets and does not have a corresponding _full attribute.","description_kind":"markdown","optional":true,"computed":true},"description":{"type":"string","description":"Description of the runbook","description_kind":"markdown","optional":true,"computed":true},"editors":{"type":["list","string"],"description":"List of users who can edit the runbook (with configure permission). Empty maps to all users.","description_kind":"markdown","optional":true,"computed":true},"enabled":{"type":"bool","description":"Whether the runbook is enabled","description_kind":"markdown","optional":true,"computed":true},"external_params":{"type":"string","description":"Runbook parameters defined via JSON path used to extract the parameter's value from an external payload, encoded as base64 JSON","description_kind":"markdown","optional":true,"computed":true},"external_params_full":{"type":"string","description":"Complete external parameter configuration returned by the API, including server-added fields. Shows diffs when external drift is detected and when configuration changes.","description_kind":"markdown","computed":true},"filter_resource_to_action":{"type":"bool","description":"Determines whether parameters containing resources are exported to actions","description_kind":"markdown","optional":true,"computed":true},"is_run_output_persisted":{"type":"bool","description":"A boolean value denoting whether or not cell outputs should be persisted when running a runbook","description_kind":"markdown","optional":true,"computed":true},"labels":{"type":["list","string"],"description":"A list of strings by which runbooks can be grouped","description_kind":"markdown","optional":true,"computed":true},"name":{"type":"string","description":"The name of the runbook","description_kind":"markdown","optional":true,"computed":true},"params":{"type":"string","description":"Named variables to pass to a runbook, encoded as JSON. Shows diffs only when configuration changes.","description_kind":"markdown","optional":true,"computed":true},"params_full":{"type":"string","description":"Complete parameter configuration returned by the API, including server-added fields. Shows diffs when external drift is detected and when configuration changes.","description_kind":"markdown","computed":true},"params_groups":{"nested_type":{"attributes":{"exported":{"type":["list","string"],"description":"List of exported parameter names.","description_kind":"markdown","optional":true,"computed":true},"external":{"type":["list","string"],"description":"List of external parameter names.","description_kind":"markdown","optional":true,"computed":true},"optional":{"type":["list","string"],"description":"List of optional parameter names.","description_kind":"markdown","optional":true,"computed":true},"required":{"type":["list","string"],"description":"List of required parameter names.","description_kind":"markdown","optional":true,"computed":true}},"nesting_mode":"single"},"description":"Categorized parameter lists. Defaults to null if not specified.","description_kind":"markdown","optional":true,"computed":true},"secret_names":{"type":["list","string"],"description":"A list of strings that contains the name of the secrets that are used in the runbook.","description_kind":"markdown","optional":true,"computed":true},"timeout_ms":{"type":"number","description":"Maximum time to wait for runbook execution, in milliseconds","description_kind":"markdown","optional":true,"computed":true}},"description":"Runbook resource for interactive notebooks of Op commands and user documentation","description_kind":"markdown"}},"shoreline_system_settings":{"version":0,"block":{"attributes":{"administrator_grants_create_user":{"type":"bool","description":"If administrator is allowed to grant create user permissions.","description_kind":"markdown","optional":true,"computed":true},"administrator_grants_create_user_token":{"type":"bool","description":"If administrator is allowed to grant create user token permissions.","description_kind":"markdown","optional":true,"computed":true},"administrator_grants_read_user_token":{"type":"bool","description":"If administrator is allowed to grant read user token permissions.","description_kind":"markdown","optional":true,"computed":true},"administrator_grants_regenerate_user_token":{"type":"bool","description":"If administrator is allowed to grant regenerate user token permissions.","description_kind":"markdown","optional":true,"computed":true},"allowed_tags":{"type":["list","string"],"description":"Set of allowed tags.","description_kind":"markdown","optional":true,"computed":true},"approval_allow_individual_notification":{"type":"bool","description":"If approval individual notifications are allowed.","description_kind":"markdown","optional":true,"computed":true},"approval_editable_allowed_resource_query_enabled":{"type":"bool","description":"If approval editable allowed resource query is enabled.","description_kind":"markdown","optional":true,"computed":true},"approval_feature_enabled":{"type":"bool","description":"If the approval feature is enabled.","description_kind":"markdown","optional":true,"computed":true},"approval_optional_request_ticket_url":{"type":"bool","description":"If approval request ticket URL is optional.","description_kind":"markdown","optional":true,"computed":true},"environment_name":{"type":"string","description":"The environment name.","description_kind":"markdown","optional":true,"computed":true},"environment_name_background":{"type":"string","description":"The background color for the environment name.","description_kind":"markdown","optional":true,"computed":true},"external_audit_storage_batch_period_sec":{"type":"number","description":"External audit storage batch period in seconds.","description_kind":"markdown","optional":true,"computed":true},"external_audit_storage_enabled":{"type":"bool","description":"If external audit storage is enabled.","description_kind":"markdown","optional":true,"computed":true},"external_audit_storage_type":{"type":"string","description":"**Deprecated** The type of external audit storage.","description_kind":"markdown","deprecated":true,"optional":true,"computed":true},"maintenance_mode_enabled":{"type":"bool","description":"If maintenance mode is enabled.","description_kind":"markdown","optional":true,"computed":true},"managed_secrets":{"type":"string","description":"The type of managed secrets.","description_kind":"markdown","optional":true,"computed":true},"name":{"type":"string","description":"The name/symbol for the object within backend and the op language (must be unique, only alphanumeric/underscore). For system_settings, this must be 'system_settings'.","description_kind":"markdown","required":true},"parallel_runs_fired_by_time_triggers":{"type":"number","description":"Number of parallel runs fired by time triggers.","description_kind":"markdown","optional":true,"computed":true},"param_value_max_length":{"type":"number","description":"Maximum length for parameter values.","description_kind":"markdown","optional":true,"computed":true},"run_approval_expiry_time":{"type":"number","description":"Run approval expiry time in minutes.","description_kind":"markdown","optional":true,"computed":true},"runbook_ad_hoc_approval_request_enabled":{"type":"bool","description":"If runbook ad-hoc approval requests are enabled.","description_kind":"markdown","optional":true,"computed":true},"runbook_approval_request_expiry_time":{"type":"number","description":"Runbook approval request expiry time in minutes.","description_kind":"markdown","optional":true,"computed":true},"skipped_tags":{"type":["list","string"],"description":"Set of skipped tags.","description_kind":"markdown","optional":true,"computed":true},"time_trigger_permissions_user":{"type":"string","description":"The user for time trigger permissions.","description_kind":"markdown","optional":true,"computed":true}},"description":"System-level settings. Note: there must only be one instance of this terraform resource named 'system_settings'.","description_kind":"markdown"}},"shoreline_time_trigger":{"version":0,"block":{"attributes":{"enabled":{"type":"bool","description":"If the trigger is currently enabled or disabled.","description_kind":"markdown","optional":true,"computed":true},"end_date":{"type":"string","description":"When the trigger condition stops firing. (defaults to unset, e.g. no stop date). The accepted format is ISO8601, e.g. '2029-02-17T08:08:01'.","description_kind":"markdown","optional":true,"computed":true},"fire_query":{"type":"string","description":"The trigger condition for the TimeTrigger (e.g. 'every 5m').","description_kind":"markdown","required":true},"name":{"type":"string","description":"The name/symbol for the trigger within backend and the op language (must be unique, only alphanumeric/underscore).","description_kind":"markdown","required":true},"start_date":{"type":"string","description":"When the trigger condition starts firing (defaults to current time when provider starts). The accepted format is ISO8601, e.g. '2024-02-17T08:08:01'.","description_kind":"markdown","optional":true,"computed":true}},"description":"A condition that triggers Notebooks.","description_kind":"markdown"}}}}}}
